
Microsoft Visual Studio Solution File, Format Version 11.00
# Visual C# Express 2010
Project("{8BC9CEB8-8B4A-11D0-8D11-00A0C91BC942}") = "Analyzing", "Analyzing.vcxproj", "{DDD9302A-1915-4CCE-96A3-1A097BFFD830}"
EndProject
Project("{8BC9CEB8-8B4A-11D0-8D11-00A0C91BC942}") = "AOPAPI", "AOPDecoder.vcxproj", "{C7150E3B-A17C-4779-829E-9AF1118FBFDE}"
	ProjectSection(ProjectDependencies) = postProject
		{3A214E06-B95E-4D61-A291-1F8DF2EC10FD} = {3A214E06-B95E-4D61-A291-1F8DF2EC10FD}
		{4CEFBC83-C215-11DB-8314-0800200C9A66} = {4CEFBC83-C215-11DB-8314-0800200C9A66}
		{0E4820D3-DBE3-477A-910B-7C020D6066D1} = {0E4820D3-DBE3-477A-910B-7C020D6066D1}
	EndProjectSection
EndProject
Project("{8BC9CEB8-8B4A-11D0-8D11-00A0C91BC942}") = "TestAOPDecoder", "TestAOPDecoder.vcxproj", "{F7BB981F-FF76-4FE8-874C-5920CD3C244B}"
	ProjectSection(ProjectDependencies) = postProject
		{C7150E3B-A17C-4779-829E-9AF1118FBFDE} = {C7150E3B-A17C-4779-829E-9AF1118FBFDE}
	EndProjectSection
EndProject
Project("{8BC9CEB8-8B4A-11D0-8D11-00A0C91BC942}") = "libFLAC", "libFLAC_dynamic.vcxproj", "{4CEFBC83-C215-11DB-8314-0800200C9A66}"
	ProjectSection(ProjectDependencies) = postProject
		{4CEFBE02-C215-11DB-8314-0800200C9A66} = {4CEFBE02-C215-11DB-8314-0800200C9A66}
		{15CBFEFF-7965-41F5-B4E2-21E8795C9159} = {15CBFEFF-7965-41F5-B4E2-21E8795C9159}
	EndProjectSection
EndProject
Project("{8BC9CEB8-8B4A-11D0-8D11-00A0C91BC942}") = "libogg", "libogg_dynamic.vcxproj", "{15CBFEFF-7965-41F5-B4E2-21E8795C9159}"
EndProject
Project("{8BC9CEB8-8B4A-11D0-8D11-00A0C91BC942}") = "win_utf8_io_static", "win_utf8_io_static.vcxproj", "{4CEFBE02-C215-11DB-8314-0800200C9A66}"
EndProject
Project("{8BC9CEB8-8B4A-11D0-8D11-00A0C91BC942}") = "lameEnc", "lame_dll.vcxproj", "{0E4820D3-DBE3-477A-910B-7C020D6066D1}"
	ProjectSection(ProjectDependencies) = postProject
		{20536101-3B0E-43EF-94F9-080D595DAC57} = {20536101-3B0E-43EF-94F9-080D595DAC57}
		{E2DAB91A-8248-4625-8A85-2C2C2A390DD8} = {E2DAB91A-8248-4625-8A85-2C2C2A390DD8}
	EndProjectSection
EndProject
Project("{8BC9CEB8-8B4A-11D0-8D11-00A0C91BC942}") = "libmp3lame", "libmp3lame.vcxproj", "{20536101-3B0E-43EF-94F9-080D595DAC57}"
EndProject
Project("{8BC9CEB8-8B4A-11D0-8D11-00A0C91BC942}") = "libmpghip", "mpglib.vcxproj", "{E2DAB91A-8248-4625-8A85-2C2C2A390DD8}"
EndProject
Project("{8BC9CEB8-8B4A-11D0-8D11-00A0C91BC942}") = "libvorbis", "libvorbis_dynamic.vcxproj", "{3A214E06-B95E-4D61-A291-1F8DF2EC10FD}"
EndProject
Project("{8BC9CEB8-8B4A-11D0-8D11-00A0C91BC942}") = "TTALib", "TTALib.vcxproj", "{B3DF599C-1C8F-451D-91E4-DD766210DA1F}"
EndProject
Project("{FAE04EC0-301F-11D3-BF4B-00C04F79EFBC}") = "Audio One Pack", "..\Audio One Pack\Audio One Pack.csproj", "{247EB2A7-A5AB-4917-B783-4F33967D58D0}"
EndProject
Global
	GlobalSection(SolutionConfigurationPlatforms) = preSolution
		Debug|Any CPU = Debug|Any CPU
		Debug|Win32 = Debug|Win32
		Release|Any CPU = Release|Any CPU
		Release|Win32 = Release|Win32
	EndGlobalSection
	GlobalSection(ProjectConfigurationPlatforms) = postSolution
		{DDD9302A-1915-4CCE-96A3-1A097BFFD830}.Debug|Any CPU.ActiveCfg = Debug|Win32
		{DDD9302A-1915-4CCE-96A3-1A097BFFD830}.Debug|Win32.ActiveCfg = Debug|Win32
		{DDD9302A-1915-4CCE-96A3-1A097BFFD830}.Debug|Win32.Build.0 = Debug|Win32
		{DDD9302A-1915-4CCE-96A3-1A097BFFD830}.Release|Any CPU.ActiveCfg = Release|Win32
		{DDD9302A-1915-4CCE-96A3-1A097BFFD830}.Release|Win32.ActiveCfg = Release|Win32
		{DDD9302A-1915-4CCE-96A3-1A097BFFD830}.Release|Win32.Build.0 = Release|Win32
		{C7150E3B-A17C-4779-829E-9AF1118FBFDE}.Debug|Any CPU.ActiveCfg = Debug|Win32
		{C7150E3B-A17C-4779-829E-9AF1118FBFDE}.Debug|Win32.ActiveCfg = Debug|Win32
		{C7150E3B-A17C-4779-829E-9AF1118FBFDE}.Debug|Win32.Build.0 = Debug|Win32
		{C7150E3B-A17C-4779-829E-9AF1118FBFDE}.Release|Any CPU.ActiveCfg = Release|Win32
		{C7150E3B-A17C-4779-829E-9AF1118FBFDE}.Release|Win32.ActiveCfg = Release|Win32
		{C7150E3B-A17C-4779-829E-9AF1118FBFDE}.Release|Win32.Build.0 = Release|Win32
		{F7BB981F-FF76-4FE8-874C-5920CD3C244B}.Debug|Any CPU.ActiveCfg = Debug|Win32
		{F7BB981F-FF76-4FE8-874C-5920CD3C244B}.Debug|Win32.ActiveCfg = Debug|Win32
		{F7BB981F-FF76-4FE8-874C-5920CD3C244B}.Debug|Win32.Build.0 = Debug|Win32
		{F7BB981F-FF76-4FE8-874C-5920CD3C244B}.Release|Any CPU.ActiveCfg = Release|Win32
		{F7BB981F-FF76-4FE8-874C-5920CD3C244B}.Release|Win32.ActiveCfg = Release|Win32
		{F7BB981F-FF76-4FE8-874C-5920CD3C244B}.Release|Win32.Build.0 = Release|Win32
		{4CEFBC83-C215-11DB-8314-0800200C9A66}.Debug|Any CPU.ActiveCfg = Debug|Win32
		{4CEFBC83-C215-11DB-8314-0800200C9A66}.Debug|Win32.ActiveCfg = Debug|Win32
		{4CEFBC83-C215-11DB-8314-0800200C9A66}.Debug|Win32.Build.0 = Debug|Win32
		{4CEFBC83-C215-11DB-8314-0800200C9A66}.Release|Any CPU.ActiveCfg = Release|Win32
		{4CEFBC83-C215-11DB-8314-0800200C9A66}.Release|Win32.ActiveCfg = Release|Win32
		{4CEFBC83-C215-11DB-8314-0800200C9A66}.Release|Win32.Build.0 = Release|Win32
		{15CBFEFF-7965-41F5-B4E2-21E8795C9159}.Debug|Any CPU.ActiveCfg = Debug|Win32
		{15CBFEFF-7965-41F5-B4E2-21E8795C9159}.Debug|Win32.ActiveCfg = Debug|Win32
		{15CBFEFF-7965-41F5-B4E2-21E8795C9159}.Debug|Win32.Build.0 = Debug|Win32
		{15CBFEFF-7965-41F5-B4E2-21E8795C9159}.Release|Any CPU.ActiveCfg = Release|Win32
		{15CBFEFF-7965-41F5-B4E2-21E8795C9159}.Release|Win32.ActiveCfg = Release|Win32
		{15CBFEFF-7965-41F5-B4E2-21E8795C9159}.Release|Win32.Build.0 = Release|Win32
		{4CEFBE02-C215-11DB-8314-0800200C9A66}.Debug|Any CPU.ActiveCfg = Debug|Win32
		{4CEFBE02-C215-11DB-8314-0800200C9A66}.Debug|Win32.ActiveCfg = Debug|Win32
		{4CEFBE02-C215-11DB-8314-0800200C9A66}.Debug|Win32.Build.0 = Debug|Win32
		{4CEFBE02-C215-11DB-8314-0800200C9A66}.Release|Any CPU.ActiveCfg = Release|Win32
		{4CEFBE02-C215-11DB-8314-0800200C9A66}.Release|Win32.ActiveCfg = Release|Win32
		{4CEFBE02-C215-11DB-8314-0800200C9A66}.Release|Win32.Build.0 = Release|Win32
		{0E4820D3-DBE3-477A-910B-7C020D6066D1}.Debug|Any CPU.ActiveCfg = Debug|Win32
		{0E4820D3-DBE3-477A-910B-7C020D6066D1}.Debug|Win32.ActiveCfg = Debug|Win32
		{0E4820D3-DBE3-477A-910B-7C020D6066D1}.Debug|Win32.Build.0 = Debug|Win32
		{0E4820D3-DBE3-477A-910B-7C020D6066D1}.Release|Any CPU.ActiveCfg = Release|Win32
		{0E4820D3-DBE3-477A-910B-7C020D6066D1}.Release|Win32.ActiveCfg = Release|Win32
		{0E4820D3-DBE3-477A-910B-7C020D6066D1}.Release|Win32.Build.0 = Release|Win32
		{20536101-3B0E-43EF-94F9-080D595DAC57}.Debug|Any CPU.ActiveCfg = Debug|Win32
		{20536101-3B0E-43EF-94F9-080D595DAC57}.Debug|Win32.ActiveCfg = Debug|Win32
		{20536101-3B0E-43EF-94F9-080D595DAC57}.Debug|Win32.Build.0 = Debug|Win32
		{20536101-3B0E-43EF-94F9-080D595DAC57}.Release|Any CPU.ActiveCfg = Release|Win32
		{20536101-3B0E-43EF-94F9-080D595DAC57}.Release|Win32.ActiveCfg = Release|Win32
		{20536101-3B0E-43EF-94F9-080D595DAC57}.Release|Win32.Build.0 = Release|Win32
		{E2DAB91A-8248-4625-8A85-2C2C2A390DD8}.Debug|Any CPU.ActiveCfg = Debug|Win32
		{E2DAB91A-8248-4625-8A85-2C2C2A390DD8}.Debug|Win32.ActiveCfg = Debug|Win32
		{E2DAB91A-8248-4625-8A85-2C2C2A390DD8}.Debug|Win32.Build.0 = Debug|Win32
		{E2DAB91A-8248-4625-8A85-2C2C2A390DD8}.Release|Any CPU.ActiveCfg = Release|Win32
		{E2DAB91A-8248-4625-8A85-2C2C2A390DD8}.Release|Win32.ActiveCfg = Release|Win32
		{E2DAB91A-8248-4625-8A85-2C2C2A390DD8}.Release|Win32.Build.0 = Release|Win32
		{3A214E06-B95E-4D61-A291-1F8DF2EC10FD}.Debug|Any CPU.ActiveCfg = Debug|Win32
		{3A214E06-B95E-4D61-A291-1F8DF2EC10FD}.Debug|Win32.ActiveCfg = Debug|Win32
		{3A214E06-B95E-4D61-A291-1F8DF2EC10FD}.Debug|Win32.Build.0 = Debug|Win32
		{3A214E06-B95E-4D61-A291-1F8DF2EC10FD}.Release|Any CPU.ActiveCfg = Release|Win32
		{3A214E06-B95E-4D61-A291-1F8DF2EC10FD}.Release|Win32.ActiveCfg = Release|Win32
		{3A214E06-B95E-4D61-A291-1F8DF2EC10FD}.Release|Win32.Build.0 = Release|Win32
		{B3DF599C-1C8F-451D-91E4-DD766210DA1F}.Debug|Any CPU.ActiveCfg = Debug|Win32
		{B3DF599C-1C8F-451D-91E4-DD766210DA1F}.Debug|Win32.ActiveCfg = Debug|Win32
		{B3DF599C-1C8F-451D-91E4-DD766210DA1F}.Debug|Win32.Build.0 = Debug|Win32
		{B3DF599C-1C8F-451D-91E4-DD766210DA1F}.Release|Any CPU.ActiveCfg = Release|Win32
		{B3DF599C-1C8F-451D-91E4-DD766210DA1F}.Release|Win32.ActiveCfg = Release|Win32
		{B3DF599C-1C8F-451D-91E4-DD766210DA1F}.Release|Win32.Build.0 = Release|Win32
		{247EB2A7-A5AB-4917-B783-4F33967D58D0}.Debug|Any CPU.ActiveCfg = Debug|Any CPU
		{247EB2A7-A5AB-4917-B783-4F33967D58D0}.Debug|Any CPU.Build.0 = Debug|Any CPU
		{247EB2A7-A5AB-4917-B783-4F33967D58D0}.Debug|Win32.ActiveCfg = Debug|Any CPU
		{247EB2A7-A5AB-4917-B783-4F33967D58D0}.Release|Any CPU.ActiveCfg = Release|Any CPU
		{247EB2A7-A5AB-4917-B783-4F33967D58D0}.Release|Any CPU.Build.0 = Release|Any CPU
		{247EB2A7-A5AB-4917-B783-4F33967D58D0}.Release|Win32.ActiveCfg = Release|Any CPU
	EndGlobalSection
	GlobalSection(SolutionProperties) = preSolution
		HideSolutionNode = FALSE
	EndGlobalSection
EndGlobal
