<?xml version="1.0" encoding="utf-8"?>
<Project ToolsVersion="4.0" xmlns="http://schemas.microsoft.com/developer/msbuild/2003">
  <ItemGroup>
    <Filter Include="Source Files">
      <UniqueIdentifier>{0f9dd1f7-f244-43ec-bbb5-7207769faba4}</UniqueIdentifier>
      <Extensions>cpp;c;cxx;def;odl;idl;hpj;bat;asm</Extensions>
    </Filter>
    <Filter Include="Header Files">
      <UniqueIdentifier>{2bf05d04-6c86-4601-a219-e198fed6c501}</UniqueIdentifier>
      <Extensions>h;hpp;hxx;hm;inl;inc</Extensions>
    </Filter>
  </ItemGroup>
  <ItemGroup>
    <ClCompile Include="..\ttalib-1.1-src\Stdafx.cpp">
      <Filter>Source Files</Filter>
    </ClCompile>
    <ClCompile Include="..\ttalib-1.1-src\TTALib.cpp">
      <Filter>Source Files</Filter>
    </ClCompile>
    <ClCompile Include="..\ttalib-1.1-src\TTAReader.cpp">
      <Filter>Source Files</Filter>
    </ClCompile>
    <ClCompile Include="..\ttalib-1.1-src\TTAWriter.cpp">
      <Filter>Source Files</Filter>
    </ClCompile>
    <ClCompile Include="..\ttalib-1.1-src\WavFile.cpp">
      <Filter>Source Files</Filter>
    </ClCompile>
  </ItemGroup>
  <ItemGroup>
    <ClInclude Include="..\ttalib-1.1-src\BitReader.h">
      <Filter>Header Files</Filter>
    </ClInclude>
    <ClInclude Include="..\ttalib-1.1-src\BitWriter.h">
      <Filter>Header Files</Filter>
    </ClInclude>
    <ClInclude Include="..\ttalib-1.1-src\crc32.h">
      <Filter>Header Files</Filter>
    </ClInclude>
    <ClInclude Include="..\ttalib-1.1-src\filters3.h">
      <Filter>Header Files</Filter>
    </ClInclude>
    <ClInclude Include="..\ttalib-1.1-src\Stdafx.h">
      <Filter>Header Files</Filter>
    </ClInclude>
    <ClInclude Include="..\ttalib-1.1-src\ttacommon.h">
      <Filter>Header Files</Filter>
    </ClInclude>
    <ClInclude Include="..\ttalib-1.1-src\TTAError.h">
      <Filter>Header Files</Filter>
    </ClInclude>
    <ClInclude Include="..\ttalib-1.1-src\TTALib.h">
      <Filter>Header Files</Filter>
    </ClInclude>
    <ClInclude Include="..\ttalib-1.1-src\TTAReader.h">
      <Filter>Header Files</Filter>
    </ClInclude>
    <ClInclude Include="..\ttalib-1.1-src\TTATester.h">
      <Filter>Header Files</Filter>
    </ClInclude>
    <ClInclude Include="..\ttalib-1.1-src\TTAWriter.h">
      <Filter>Header Files</Filter>
    </ClInclude>
    <ClInclude Include="..\ttalib-1.1-src\WavFile.h">
      <Filter>Header Files</Filter>
    </ClInclude>
  </ItemGroup>
</Project>